// !$*UTF8*$!
{
	archiveVersion = 1;
	classes = {
	};
	objectVersion = 50;
	objects = {

/* Begin PBXBuildFile section */
		0A41E35D231EEA9D00FB6C1E /* AppDelegate.swift in Sources */ = {isa = PBXBuildFile; fileRef = 0A41E35C231EEA9D00FB6C1E /* AppDelegate.swift */; };
		0A41E362231EEA9D00FB6C1E /* Main.storyboard in Resources */ = {isa = PBXBuildFile; fileRef = 0A41E360231EEA9D00FB6C1E /* Main.storyboard */; };
		0A41E364231EEAA000FB6C1E /* Assets.xcassets in Resources */ = {isa = PBXBuildFile; fileRef = 0A41E363231EEAA000FB6C1E /* Assets.xcassets */; };
		0A41E367231EEAA000FB6C1E /* LaunchScreen.storyboard in Resources */ = {isa = PBXBuildFile; fileRef = 0A41E365231EEAA000FB6C1E /* LaunchScreen.storyboard */; };
		0A41E372231EEAA000FB6C1E /* concurrencylabTests.swift in Sources */ = {isa = PBXBuildFile; fileRef = 0A41E371231EEAA000FB6C1E /* concurrencylabTests.swift */; };
		0A41E37D231EECBA00FB6C1E /* united.json in Resources */ = {isa = PBXBuildFile; fileRef = 0A41E37C231EECBA00FB6C1E /* united.json */; };
		0A41E37F231EF5CB00FB6C1E /* CountryListViewController.swift in Sources */ = {isa = PBXBuildFile; fileRef = 0A41E37E231EF5CB00FB6C1E /* CountryListViewController.swift */; };
		0A41E381231EF64A00FB6C1E /* CountryDetailViewController.swift in Sources */ = {isa = PBXBuildFile; fileRef = 0A41E380231EF64A00FB6C1E /* CountryDetailViewController.swift */; };
/* End PBXBuildFile section */

/* Begin PBXContainerItemProxy section */
		0A41E36E231EEAA000FB6C1E /* PBXContainerItemProxy */ = {
			isa = PBXContainerItemProxy;
			containerPortal = 0A41E351231EEA9D00FB6C1E /* Project object */;
			proxyType = 1;
			remoteGlobalIDString = 0A41E358231EEA9D00FB6C1E;
			remoteInfo = concurrencylab;
		};
/* End PBXContainerItemProxy section */

/* Begin PBXFileReference section */
		0A41E359231EEA9D00FB6C1E /* concurrencylab.app */ = {isa = PBXFileReference; explicitFileType = wrapper.application; includeInIndex = 0; path = concurrencylab.app; sourceTree = BUILT_PRODUCTS_DIR; };
		0A41E35C231EEA9D00FB6C1E /* AppDelegate.swift */ = {isa = PBXFileReference; lastKnownFileType = sourcecode.swift; path = AppDelegate.swift; sourceTree = "<group>"; };
		0A41E361231EEA9D00FB6C1E /* Base */ = {isa = PBXFileReference; lastKnownFileType = file.storyboard; name = Base; path = Base.lproj/Main.storyboard; sourceTree = "<group>"; };
		0A41E363231EEAA000FB6C1E /* Assets.xcassets */ = {isa = PBXFileReference; lastKnownFileType = folder.assetcatalog; path = Assets.xcassets; sourceTree = "<group>"; };
		0A41E366231EEAA000FB6C1E /* Base */ = {isa = PBXFileReference; lastKnownFileType = file.storyboard; name = Base; path = Base.lproj/LaunchScreen.storyboard; sourceTree = "<group>"; };
		0A41E368231EEAA000FB6C1E /* Info.plist */ = {isa = PBXFileReference; lastKnownFileType = text.plist.xml; path = Info.plist; sourceTree = "<group>"; };
		0A41E36D231EEAA000FB6C1E /* concurrencylabTests.xctest */ = {isa = PBXFileReference; explicitFileType = wrapper.cfbundle; includeInIndex = 0; path = concurrencylabTests.xctest; sourceTree = BUILT_PRODUCTS_DIR; };
		0A41E371231EEAA000FB6C1E /* concurrencylabTests.swift */ = {isa = PBXFileReference; lastKnownFileType = sourcecode.swift; path = concurrencylabTests.swift; sourceTree = "<group>"; };
		0A41E373231EEAA000FB6C1E /* Info.plist */ = {isa = PBXFileReference; lastKnownFileType = text.plist.xml; path = Info.plist; sourceTree = "<group>"; };
		0A41E37C231EECBA00FB6C1E /* united.json */ = {isa = PBXFileReference; fileEncoding = 4; lastKnownFileType = text.json; name = united.json; path = ../../../../united.json; sourceTree = "<group>"; };
		0A41E37E231EF5CB00FB6C1E /* CountryListViewController.swift */ = {isa = PBXFileReference; lastKnownFileType = sourcecode.swift; path = CountryListViewController.swift; sourceTree = "<group>"; };
		0A41E380231EF64A00FB6C1E /* CountryDetailViewController.swift */ = {isa = PBXFileReference; lastKnownFileType = sourcecode.swift; path = CountryDetailViewController.swift; sourceTree = "<group>"; };
/* End PBXFileReference section */

/* Begin PBXFrameworksBuildPhase section */
		0A41E356231EEA9D00FB6C1E /* Frameworks */ = {
			isa = PBXFrameworksBuildPhase;
			buildActionMask = 2147483647;
			files = (
			);
			runOnlyForDeploymentPostprocessing = 0;
		};
		0A41E36A231EEAA000FB6C1E /* Frameworks */ = {
			isa = PBXFrameworksBuildPhase;
			buildActionMask = 2147483647;
			files = (
			);
			runOnlyForDeploymentPostprocessing = 0;
		};
/* End PBXFrameworksBuildPhase section */

/* Begin PBXGroup section */
		0A41E350231EEA9D00FB6C1E = {
			isa = PBXGroup;
			children = (
				0A41E35B231EEA9D00FB6C1E /* concurrencylab */,
				0A41E370231EEAA000FB6C1E /* concurrencylabTests */,
				0A41E35A231EEA9D00FB6C1E /* Products */,
			);
			sourceTree = "<group>";
		};
		0A41E35A231EEA9D00FB6C1E /* Products */ = {
			isa = PBXGroup;
			children = (
				0A41E359231EEA9D00FB6C1E /* concurrencylab.app */,
				0A41E36D231EEAA000FB6C1E /* concurrencylabTests.xctest */,
			);
			name = Products;
			sourceTree = "<group>";
		};
		0A41E35B231EEA9D00FB6C1E /* concurrencylab */ = {
			isa = PBXGroup;
			children = (
				0A41E35C231EEA9D00FB6C1E /* AppDelegate.swift */,
				0A41E37E231EF5CB00FB6C1E /* CountryListViewController.swift */,
				0A41E360231EEA9D00FB6C1E /* Main.storyboard */,
				0A41E380231EF64A00FB6C1E /* CountryDetailViewController.swift */,
				0A41E363231EEAA000FB6C1E /* Assets.xcassets */,
				0A41E365231EEAA000FB6C1E /* LaunchScreen.storyboard */,
				0A41E37C231EECBA00FB6C1E /* united.json */,
				0A41E368231EEAA000FB6C1E /* Info.plist */,
			);
			path = concurrencylab;
			sourceTree = "<group>";
		};
		0A41E370231EEAA000FB6C1E /* concurrencylabTests */ = {
			isa = PBXGroup;
			children = (
				0A41E371231EEAA000FB6C1E /* concurrencylabTests.swift */,
				0A41E373231EEAA000FB6C1E /* Info.plist */,
			);
			path = concurrencylabTests;
			sourceTree = "<group>";
		};
/* End PBXGroup section */

/* Begin PBXNativeTarget section */
		0A41E358231EEA9D00FB6C1E /* concurrencylab */ = {
			isa = PBXNativeTarget;
			buildConfigurationList = 0A41E376231EEAA000FB6C1E /* Build configuration list for PBXNativeTarget "concurrencylab" */;
			buildPhases = (
				0A41E355231EEA9D00FB6C1E /* Sources */,
				0A41E356231EEA9D00FB6C1E /* Frameworks */,
				0A41E357231EEA9D00FB6C1E /* Resources */,
			);
			buildRules = (
			);
			dependencies = (
			);
			name = concurrencylab;
			productName = concurrencylab;
			productReference = 0A41E359231EEA9D00FB6C1E /* concurrencylab.app */;
			productType = "com.apple.product-type.application";
		};
		0A41E36C231EEAA000FB6C1E /* concurrencylabTests */ = {
			isa = PBXNativeTarget;
			buildConfigurationList = 0A41E379231EEAA000FB6C1E /* Build configuration list for PBXNativeTarget "concurrencylabTests" */;
			buildPhases = (
				0A41E369231EEAA000FB6C1E /* Sources */,
				0A41E36A231EEAA000FB6C1E /* Frameworks */,
				0A41E36B231EEAA000FB6C1E /* Resources */,
			);
			buildRules = (
			);
			dependencies = (
				0A41E36F231EEAA000FB6C1E /* PBXTargetDependency */,
			);
			name = concurrencylabTests;
			productName = concurrencylabTests;
			productReference = 0A41E36D231EEAA000FB6C1E /* concurrencylabTests.xctest */;
			productType = "com.apple.product-type.bundle.unit-test";
		};
/* End PBXNativeTarget section */

/* Begin PBXProject section */
		0A41E351231EEA9D00FB6C1E /* Project object */ = {
			isa = PBXProject;
			attributes = {
				LastSwiftUpdateCheck = 1030;
				LastUpgradeCheck = 1030;
				ORGANIZATIONNAME = "Jack Wong";
				TargetAttributes = {
					0A41E358231EEA9D00FB6C1E = {
						CreatedOnToolsVersion = 10.3;
					};
					0A41E36C231EEAA000FB6C1E = {
						CreatedOnToolsVersion = 10.3;
						TestTargetID = 0A41E358231EEA9D00FB6C1E;
					};
				};
			};
			buildConfigurationList = 0A41E354231EEA9D00FB6C1E /* Build configuration list for PBXProject "concurrencylab" */;
			compatibilityVersion = "Xcode 9.3";
			developmentRegion = en;
			hasScannedForEncodings = 0;
			knownRegions = (
				en,
				Base,
			);
			mainGroup = 0A41E350231EEA9D00FB6C1E;
			productRefGroup = 0A41E35A231EEA9D00FB6C1E /* Products */;
			projectDirPath = "";
			projectRoot = "";
			targets = (
				0A41E358231EEA9D00FB6C1E /* concurrencylab */,
				0A41E36C231EEAA000FB6C1E /* concurrencylabTests */,
			);
		};
/* End PBXProject section */

/* Begin PBXResourcesBuildPhase section */
		0A41E357231EEA9D00FB6C1E /* Resources */ = {
			isa = PBXResourcesBuildPhase;
			buildActionMask = 2147483647;
			files = (
				0A41E37D231EECBA00FB6C1E /* united.json in Resources */,
				0A41E367231EEAA000FB6C1E /* LaunchScreen.storyboard in Resources */,
				0A41E364231EEAA000FB6C1E /* Assets.xcassets in Resources */,
				0A41E362231EEA9D00FB6C1E /* Main.storyboard in Resources */,
			);
			runOnlyForDeploymentPostprocessing = 0;
		};
		0A41E36B231EEAA000FB6C1E /* Resources */ = {
			isa = PBXResourcesBuildPhase;
			buildActionMask = 2147483647;
			files = (
			);
			runOnlyForDeploymentPostprocessing = 0;
		};
/* End PBXResourcesBuildPhase section */

/* Begin PBXSourcesBuildPhase section */
		0A41E355231EEA9D00FB6C1E /* Sources */ = {
			isa = PBXSourcesBuildPhase;
			buildActionMask = 2147483647;
			files = (
				0A41E381231EF64A00FB6C1E /* CountryDetailViewController.swift in Sources */,
				0A41E35D231EEA9D00FB6C1E /* AppDelegate.swift in Sources */,
				0A41E37F231EF5CB00FB6C1E /* CountryListViewController.swift in Sources */,
			);
			runOnlyForDeploymentPostprocessing = 0;
		};
		0A41E369231EEAA000FB6C1E /* Sources */ = {
			isa = PBXSourcesBuildPhase;
			buildActionMask = 2147483647;
			files = (
				0A41E372231EEAA000FB6C1E /* concurrencylabTests.swift in Sources */,
			);
			runOnlyForDeploymentPostprocessing = 0;
		};
/* End PBXSourcesBuildPhase section */

/* Begin PBXTargetDependency section */
		0A41E36F231EEAA000FB6C1E /* PBXTargetDependency */ = {
			isa = PBXTargetDependency;
			target = 0A41E358231EEA9D00FB6C1E /* concurrencylab */;
			targetProxy = 0A41E36E231EEAA000FB6C1E /* PBXContainerItemProxy */;
		};
/* End PBXTargetDependency section */

/* Begin PBXVariantGroup section */
		0A41E360231EEA9D00FB6C1E /* Main.storyboard */ = {
			isa = PBXVariantGroup;
			children = (
				0A41E361231EEA9D00FB6C1E /* Base */,
			);
			name = Main.storyboard;
			sourceTree = "<group>";
		};
		0A41E365231EEAA000FB6C1E /* LaunchScreen.storyboard */ = {
			isa = PBXVariantGroup;
			children = (
				0A41E366231EEAA000FB6C1E /* Base */,
			);
			name = LaunchScreen.storyboard;
			sourceTree = "<group>";
		};
/* End PBXVariantGroup section */

/* Begin XCBuildConfiguration section */
		0A41E374231EEAA000FB6C1E /* Debug */ = {
			isa = XCBuildConfiguration;
			buildSettings = {
				ALWAYS_SEARCH_USER_PATHS = NO;
				CLANG_ANALYZER_NONNULL = YES;
				CLANG_ANALYZER_NUMBER_OBJECT_CONVERSION = YES_AGGRESSIVE;
				CLANG_CXX_LANGUAGE_STANDARD = "gnu++14";
				CLANG_CXX_LIBRARY = "libc++";
				CLANG_ENABLE_MODULES = YES;
				CLANG_ENABLE_OBJC_ARC = YES;
				CLANG_ENABLE_OBJC_WEAK = YES;
				CLANG_WARN_BLOCK_CAPTURE_AUTORELEASING = YES;
				CLANG_WARN_BOOL_CONVERSION = YES;
				CLANG_WARN_COMMA = YES;
				CLANG_WARN_CONSTANT_CONVERSION = YES;
				CLANG_WARN_DEPRECATED_OBJC_IMPLEMENTATIONS = YES;
				CLANG_WARN_DIRECT_OBJC_ISA_USAGE = YES_ERROR;
				CLANG_WARN_DOCUMENTATION_COMMENTS = YES;
				CLANG_WARN_EMPTY_BODY = YES;
				CLANG_WARN_ENUM_CONVERSION = YES;
				CLANG_WARN_INFINITE_RECURSION = YES;
				CLANG_WARN_INT_CONVERSION = YES;
				CLANG_WARN_NON_LITERAL_NULL_CONVERSION = YES;
				CLANG_WARN_OBJC_IMPLICIT_RETAIN_SELF = YES;
				CLANG_WARN_OBJC_LITERAL_CONVERSION = YES;
				CLANG_WARN_OBJC_ROOT_CLASS = YES_ERROR;
				CLANG_WARN_RANGE_LOOP_ANALYSIS = YES;
				CLANG_WARN_STRICT_PROTOTYPES = YES;
				CLANG_WARN_SUSPICIOUS_MOVE = YES;
				CLANG_WARN_UNGUARDED_AVAILABILITY = YES_AGGRESSIVE;
				CLANG_WARN_UNREACHABLE_CODE = YES;
				CLANG_WARN__DUPLICATE_METHOD_MATCH = YES;
				CODE_SIGN_IDENTITY = "iPhone Developer";
				COPY_PHASE_STRIP = NO;
				DEBUG_INFORMATION_FORMAT = dwarf;
				ENABLE_STRICT_OBJC_MSGSEND = YES;
				ENABLE_TESTABILITY = YES;
				GCC_C_LANGUAGE_STANDARD = gnu11;
				GCC_DYNAMIC_NO_PIC = NO;
				GCC_NO_COMMON_BLOCKS = YES;
				GCC_OPTIMIZATION_LEVEL = 0;
				GCC_PREPROCESSOR_DEFINITIONS = (
					"DEBUG=1",
					"$(inherited)",
				);
				GCC_WARN_64_TO_32_BIT_CONVERSION = YES;
				GCC_WARN_ABOUT_RETURN_TYPE = YES_ERROR;
				GCC_WARN_UNDECLARED_SELECTOR = YES;
				GCC_WARN_UNINITIALIZED_AUTOS = YES_AGGRESSIVE;
				GCC_WARN_UNUSED_FUNCTION = YES;
				GCC_WARN_UNUSED_VARIABLE = YES;
				IPHONEOS_DEPLOYMENT_TARGET = 12.4;
				MTL_ENABLE_DEBUG_INFO = INCLUDE_SOURCE;
				MTL_FAST_MATH = YES;
				ONLY_ACTIVE_ARCH = YES;
				SDKROOT = iphoneos;
				SWIFT_ACTIVE_COMPILATION_CONDITIONS = DEBUG;
				SWIFT_OPTIMIZATION_LEVEL = "-Onone";
			};
			name = Debug;
		};
		0A41E375231EEAA000FB6C1E /* Release */ = {
			isa = XCBuildConfiguration;
			buildSettings = {
				ALWAYS_SEARCH_USER_PATHS = NO;
				CLANG_ANALYZER_NONNULL = YES;
				CLANG_ANALYZER_NUMBER_OBJECT_CONVERSION = YES_AGGRESSIVE;
				CLANG_CXX_LANGUAGE_STANDARD = "gnu++14";
				CLANG_CXX_LIBRARY = "libc++";
				CLANG_ENABLE_MODULES = YES;
				CLANG_ENABLE_OBJC_ARC = YES;
				CLANG_ENABLE_OBJC_WEAK = YES;
				CLANG_WARN_BLOCK_CAPTURE_AUTORELEASING = YES;
				CLANG_WARN_BOOL_CONVERSION = YES;
				CLANG_WARN_COMMA = YES;
				CLANG_WARN_CONSTANT_CONVERSION = YES;
				CLANG_WARN_DEPRECATED_OBJC_IMPLEMENTATIONS = YES;
				CLANG_WARN_DIRECT_OBJC_ISA_USAGE = YES_ERROR;
				CLANG_WARN_DOCUMENTATION_COMMENTS = YES;
				CLANG_WARN_EMPTY_BODY = YES;
				CLANG_WARN_ENUM_CONVERSION = YES;
				CLANG_WARN_INFINITE_RECURSION = YES;
				CLANG_WARN_INT_CONVERSION = YES;
				CLANG_WARN_NON_LITERAL_NULL_CONVERSION = YES;
				CLANG_WARN_OBJC_IMPLICIT_RETAIN_SELF = YES;
				CLANG_WARN_OBJC_LITERAL_CONVERSION = YES;
				CLANG_WARN_OBJC_ROOT_CLASS = YES_ERROR;
				CLANG_WARN_RANGE_LOOP_ANALYSIS = YES;
				CLANG_WARN_STRICT_PROTOTYPES = YES;
				CLANG_WARN_SUSPICIOUS_MOVE = YES;
				CLANG_WARN_UNGUARDED_AVAILABILITY = YES_AGGRESSIVE;
				CLANG_WARN_UNREACHABLE_CODE = YES;
				CLANG_WARN__DUPLICATE_METHOD_MATCH = YES;
				CODE_SIGN_IDENTITY = "iPhone Developer";
				COPY_PHASE_STRIP = NO;
				DEBUG_INFORMATION_FORMAT = "dwarf-with-dsym";
				ENABLE_NS_ASSERTIONS = NO;
				ENABLE_STRICT_OBJC_MSGSEND = YES;
				GCC_C_LANGUAGE_STANDARD = gnu11;
				GCC_NO_COMMON_BLOCKS = YES;
				GCC_WARN_64_TO_32_BIT_CONVERSION = YES;
				GCC_WARN_ABOUT_RETURN_TYPE = YES_ERROR;
				GCC_WARN_UNDECLARED_SELECTOR = YES;
				GCC_WARN_UNINITIALIZED_AUTOS = YES_AGGRESSIVE;
				GCC_WARN_UNUSED_FUNCTION = YES;
				GCC_WARN_UNUSED_VARIABLE = YES;
				IPHONEOS_DEPLOYMENT_TARGET = 12.4;
				MTL_ENABLE_DEBUG_INFO = NO;
				MTL_FAST_MATH = YES;
				SDKROOT = iphoneos;
				SWIFT_COMPILATION_MODE = wholemodule;
				SWIFT_OPTIMIZATION_LEVEL = "-O";
				VALIDATE_PRODUCT = YES;
			};
			name = Release;
		};
		0A41E377231EEAA000FB6C1E /* Debug */ = {
			isa = XCBuildConfiguration;
			buildSettings = {
				ASSETCATALOG_COMPILER_APPICON_NAME = AppIcon;
				CODE_SIGN_STYLE = Automatic;
				INFOPLIST_FILE = concurrencylab/Info.plist;
				LD_RUNPATH_SEARCH_PATHS = (
					"$(inherited)",
					"@executable_path/Frameworks",
				);
				PRODUCT_BUNDLE_IDENTIFIER = Pursuit.concurrencylab;
				PRODUCT_NAME = "$(TARGET_NAME)";
				SWIFT_VERSION = 5.0;
				TARGETED_DEVICE_FAMILY = "1,2";
			};
			name = Debug;
		};
		0A41E378231EEAA000FB6C1E /* Release */ = {
			isa = XCBuildConfiguration;
			buildSettings = {
				ASSETCATALOG_COMPILER_APPICON_NAME = AppIcon;
				CODE_SIGN_STYLE = Automatic;
				INFOPLIST_FILE = concurrencylab/Info.plist;
				LD_RUNPATH_SEARCH_PATHS = (
					"$(inherited)",
					"@executable_path/Frameworks",
				);
				PRODUCT_BUNDLE_IDENTIFIER = Pursuit.concurrencylab;
				PRODUCT_NAME = "$(TARGET_NAME)";
				SWIFT_VERSION = 5.0;
				TARGETED_DEVICE_FAMILY = "1,2";
			};
			name = Release;
		};
		0A41E37A231EEAA000FB6C1E /* Debug */ = {
			isa = XCBuildConfiguration;
			buildSettings = {
				ALWAYS_EMBED_SWIFT_STANDARD_LIBRARIES = YES;
				BUNDLE_LOADER = "$(TEST_HOST)";
				CODE_SIGN_STYLE = Automatic;
				INFOPLIST_FILE = concurrencylabTests/Info.plist;
				LD_RUNPATH_SEARCH_PATHS = (
					"$(inherited)",
					"@executable_path/Frameworks",
					"@loader_path/Frameworks",
				);
				PRODUCT_BUNDLE_IDENTIFIER = Pursuit.concurrencylabTests;
				PRODUCT_NAME = "$(TARGET_NAME)";
				SWIFT_VERSION = 5.0;
				TARGETED_DEVICE_FAMILY = "1,2";
				TEST_HOST = "$(BUILT_PRODUCTS_DIR)/concurrencylab.app/concurrencylab";
			};
			name = Debug;
		};
		0A41E37B231EEAA000FB6C1E /* Release */ = {
			isa = XCBuildConfiguration;
			buildSettings = {
				ALWAYS_EMBED_SWIFT_STANDARD_LIBRARIES = YES;
				BUNDLE_LOADER = "$(TEST_HOST)";
				CODE_SIGN_STYLE = Automatic;
				INFOPLIST_FILE = concurrencylabTests/Info.plist;
				LD_RUNPATH_SEARCH_PATHS = (
					"$(inherited)",
					"@executable_path/Frameworks",
					"@loader_path/Frameworks",
				);
				PRODUCT_BUNDLE_IDENTIFIER = Pursuit.concurrencylabTests;
				PRODUCT_NAME = "$(TARGET_NAME)";
				SWIFT_VERSION = 5.0;
				TARGETED_DEVICE_FAMILY = "1,2";
				TEST_HOST = "$(BUILT_PRODUCTS_DIR)/concurrencylab.app/concurrencylab";
			};
			name = Release;
		};
/* End XCBuildConfiguration section */

/* Begin XCConfigurationList section */
		0A41E354231EEA9D00FB6C1E /* Build configuration list for PBXProject "concurrencylab" */ = {
			isa = XCConfigurationList;
			buildConfigurations = (
				0A41E374231EEAA000FB6C1E /* Debug */,
				0A41E375231EEAA000FB6C1E /* Release */,
			);
			defaultConfigurationIsVisible = 0;
			defaultConfigurationName = Release;
		};
		0A41E376231EEAA000FB6C1E /* Build configuration list for PBXNativeTarget "concurrencylab" */ = {
			isa = XCConfigurationList;
			buildConfigurations = (
				0A41E377231EEAA000FB6C1E /* Debug */,
				0A41E378231EEAA000FB6C1E /* Release */,
			);
			defaultConfigurationIsVisible = 0;
			defaultConfigurationName = Release;
		};
		0A41E379231EEAA000FB6C1E /* Build configuration list for PBXNativeTarget "concurrencylabTests" */ = {
			isa = XCConfigurationList;
			buildConfigurations = (
				0A41E37A231EEAA000FB6C1E /* Debug */,
				0A41E37B231EEAA000FB6C1E /* Release */,
			);
			defaultConfigurationIsVisible = 0;
			defaultConfigurationName = Release;
		};
/* End XCConfigurationList section */
	};
	rootObject = 0A41E351231EEA9D00FB6C1E /* Project object */;
}
